
Microsoft Visual Studio Solution File, Format Version 12.00
# Visual Studio Version 17
VisualStudioVersion = 17.14.36429.23 d17.14
MinimumVisualStudioVersion = 10.0.40219.1
Project("{FAE04EC0-301F-11D3-BF4B-00C04F79EFBC}") = "ShopEditor", "ShopEditor.csproj", "{554B2BA6-1B8B-408E-BDFB-653869CA451C}"
EndProject
Global
	GlobalSection(SolutionConfigurationPlatforms) = preSolution
		Debug|Any CPU = Debug|Any CPU
		Release|Any CPU = Release|Any CPU
	EndGlobalSection
	GlobalSection(ProjectConfigurationPlatforms) = postSolution
		{554B2BA6-1B8B-408E-BDFB-653869CA451C}.Debug|Any CPU.ActiveCfg = Debug|Any CPU
		{554B2BA6-1B8B-408E-BDFB-653869CA451C}.Debug|Any CPU.Build.0 = Debug|Any CPU
		{554B2BA6-1B8B-408E-BDFB-653869CA451C}.Release|Any CPU.ActiveCfg = Release|Any CPU
		{554B2BA6-1B8B-408E-BDFB-653869CA451C}.Release|Any CPU.Build.0 = Release|Any CPU
	EndGlobalSection
	GlobalSection(SolutionProperties) = preSolution
		HideSolutionNode = FALSE
	EndGlobalSection
	GlobalSection(ExtensibilityGlobals) = postSolution
		SolutionGuid = {484D69B5-B561-4B15-9381-8D6F5C5AD45E}
	EndGlobalSection
EndGlobal
